golang.org/dl v0.0.0-20230112164944-626922ede476 h1:Fajk6nhvJWnFeoRvOR9a6XyjMgpBIsxgwySoz7uJDU4=
golang.org/dl v0.0.0-20230112164944-626922ede476/go.mod h1:IUMfjQLJQd4UTqG1Z90tenwKoCX93Gn3MAQJMOSBsDQ=
golang.org/x/sync v0.1.0 h1:wsuoTGHzEhffawBOhz5CYhcrV4IdKZbEyZjBMuTp12o=
golang.org/x/sync v0.1.0/go.mod h1:RxMgew5VJxzue5/jJTE5uejpjVlOe/izrB70Jof72aM=
